{
  "version": 4,
  "terraform_version": "1.6.0",
  "serial": 23,
  "lineage": "01f8c91f-1d3a-8964-0949-eb1b7c075d9b",
  "outputs": {
    "bastion_public_ip": {
      "value": "3.109.185.28",
      "type": "string"
    },
    "private_key_path": {
      "value": "./my-key.pem",
      "type": "string"
    }
  },
  "resources": [
    {
      "mode": "data",
      "type": "aws_ami",
      "name": "ubuntu",
      "provider": "provider[\"registry.terraform.io/hashicorp/aws\"]",
      "instances": [
        {
          "schema_version": 0,
          "attributes": {
            "allow_unsafe_filter": null,
            "architecture": "x86_64",
            "arn": "arn:aws:ec2:ap-south-1::image/ami-0f457776b2f2411c1",
            "block_device_mappings": [
              {
                "device_name": "/dev/sda1",
                "ebs": {
                  "delete_on_termination": "true",
                  "encrypted": "false",
                  "iops": "0",
                  "snapshot_id": "snap-0b8081d22ac048796",
                  "throughput": "0",
                  "volume_initialization_rate": "0",
                  "volume_size": "8",
                  "volume_type": "gp2"
                },
                "no_device": "",
                "virtual_name": ""
              },
              {
                "device_name": "/dev/sdb",
                "ebs": {},
                "no_device": "",
                "virtual_name": "ephemeral0"
              },
              {
                "device_name": "/dev/sdc",
                "ebs": {},
                "no_device": "",
                "virtual_name": "ephemeral1"
              }
            ],
            "boot_mode": "uefi-preferred",
            "creation_date": "2025-11-11T07:03:28.000Z",
            "deprecation_time": "2027-11-11T07:03:28.000Z",
            "description": "Canonical, Ubuntu, 22.04, amd64 jammy image",
            "ena_support": true,
            "executable_users": null,
            "filter": [
              {
                "name": "name",
                "values": [
                  "ubuntu/images/hvm-ssd/ubuntu-jammy-22.04-amd64-server-*"
                ]
              },
              {
                "name": "virtualization-type",
                "values": [
                  "hvm"
                ]
              }
            ],
            "hypervisor": "xen",
            "id": "ami-0f457776b2f2411c1",
            "image_id": "ami-0f457776b2f2411c1",
            "image_location": "amazon/ubuntu/images/hvm-ssd/ubuntu-jammy-22.04-amd64-server-20251111",
            "image_owner_alias": "amazon",
            "image_type": "machine",
            "imds_support": "",
            "include_deprecated": false,
            "kernel_id": "",
            "last_launched_time": "",
            "most_recent": true,
            "name": "ubuntu/images/hvm-ssd/ubuntu-jammy-22.04-amd64-server-20251111",
            "name_regex": null,
            "owner_id": "099720109477",
            "owners": [
              "099720109477"
            ],
            "platform": "",
            "platform_details": "Linux/UNIX",
            "product_codes": [],
            "public": true,
            "ramdisk_id": "",
            "region": "ap-south-1",
            "root_device_name": "/dev/sda1",
            "root_device_type": "ebs",
            "root_snapshot_id": "snap-0b8081d22ac048796",
            "sriov_net_support": "simple",
            "state": "available",
            "state_reason": {
              "code": "UNSET",
              "message": "UNSET"
            },
            "tags": {},
            "timeouts": null,
            "tpm_support": "",
            "uefi_data": null,
            "usage_operation": "RunInstances",
            "virtualization_type": "hvm"
          },
          "sensitive_attributes": []
        }
      ]
    },
    {
      "mode": "managed",
      "type": "aws_eip",
      "name": "nat_eip",
      "provider": "provider[\"registry.terraform.io/hashicorp/aws\"]",
      "instances": [
        {
          "schema_version": 0,
          "attributes": {
            "address": null,
            "allocation_id": "eipalloc-00df4ea7773f1fe70",
            "arn": "arn:aws:ec2:ap-south-1:462622527060:elastic-ip/eipalloc-00df4ea7773f1fe70",
            "associate_with_private_ip": null,
            "association_id": "",
            "carrier_ip": "",
            "customer_owned_ip": "",
            "customer_owned_ipv4_pool": "",
            "domain": "vpc",
            "id": "eipalloc-00df4ea7773f1fe70",
            "instance": "",
            "ipam_pool_id": null,
            "network_border_group": "ap-south-1",
            "network_interface": "",
            "private_dns": null,
            "private_ip": "",
            "ptr_record": "",
            "public_dns": "ec2-13-204-209-56.ap-south-1.compute.amazonaws.com",
            "public_ip": "13.204.209.56",
            "public_ipv4_pool": "amazon",
            "region": "ap-south-1",
            "tags": {
              "Name": "NAT-EIP"
            },
            "tags_all": {
              "Name": "NAT-EIP"
            },
            "timeouts": null
          },
          "sensitive_attributes": [],
          "private": "eyJlMmJmYjczMC1lY2FhLTExZTYtOGY4OC0zNDM2M2JjN2M0YzAiOnsiZGVsZXRlIjoxODAwMDAwMDAwMDAsInJlYWQiOjkwMDAwMDAwMDAwMCwidXBkYXRlIjozMDAwMDAwMDAwMDB9fQ=="
        }
      ]
    },
    {
      "mode": "managed",
      "type": "aws_instance",
      "name": "bastion",
      "provider": "provider[\"registry.terraform.io/hashicorp/aws\"]",
      "instances": [
        {
          "schema_version": 2,
          "attributes": {
            "ami": "ami-0f457776b2f2411c1",
            "arn": "arn:aws:ec2:ap-south-1:462622527060:instance/i-01b42d282f4bebc19",
            "associate_public_ip_address": true,
            "availability_zone": "ap-south-1a",
            "capacity_reservation_specification": [
              {
                "capacity_reservation_preference": "open",
                "capacity_reservation_target": []
              }
            ],
            "cpu_options": [
              {
                "amd_sev_snp": "",
                "core_count": 1,
                "threads_per_core": 2
              }
            ],
            "credit_specification": [
              {
                "cpu_credits": "unlimited"
              }
            ],
            "disable_api_stop": false,
            "disable_api_termination": false,
            "ebs_block_device": [],
            "ebs_optimized": false,
            "enable_primary_ipv6": null,
            "enclave_options": [
              {
                "enabled": false
              }
            ],
            "ephemeral_block_device": [],
            "force_destroy": false,
            "get_password_data": false,
            "hibernation": false,
            "host_id": "",
            "host_resource_group_arn": null,
            "iam_instance_profile": "",
            "id": "i-01b42d282f4bebc19",
            "instance_initiated_shutdown_behavior": "stop",
            "instance_lifecycle": "",
            "instance_market_options": [],
            "instance_state": "running",
            "instance_type": "t3.micro",
            "ipv6_address_count": 0,
            "ipv6_addresses": [],
            "key_name": "my-key",
            "launch_template": [],
            "maintenance_options": [
              {
                "auto_recovery": "default"
              }
            ],
            "metadata_options": [
              {
                "http_endpoint": "enabled",
                "http_protocol_ipv6": "disabled",
                "http_put_response_hop_limit": 1,
                "http_tokens": "optional",
                "instance_metadata_tags": "disabled"
              }
            ],
            "monitoring": false,
            "network_interface": [],
            "outpost_arn": "",
            "password_data": "",
            "placement_group": "",
            "placement_group_id": "",
            "placement_partition_number": 0,
            "primary_network_interface": [
              {
                "delete_on_termination": true,
                "network_interface_id": "eni-0cdda1bb6d4fc13fa"
              }
            ],
            "primary_network_interface_id": "eni-0cdda1bb6d4fc13fa",
            "private_dns": "ip-10-0-1-133.ap-south-1.compute.internal",
            "private_dns_name_options": [
              {
                "enable_resource_name_dns_a_record": false,
                "enable_resource_name_dns_aaaa_record": false,
                "hostname_type": "ip-name"
              }
            ],
            "private_ip": "10.0.1.133",
            "public_dns": "ec2-3-109-185-28.ap-south-1.compute.amazonaws.com",
            "public_ip": "3.109.185.28",
            "region": "ap-south-1",
            "root_block_device": [
              {
                "delete_on_termination": true,
                "device_name": "/dev/sda1",
                "encrypted": false,
                "iops": 100,
                "kms_key_id": "",
                "tags": {},
                "tags_all": {},
                "throughput": 0,
                "volume_id": "vol-0677695f7c513f77d",
                "volume_size": 8,
                "volume_type": "gp2"
              }
            ],
            "secondary_private_ips": [],
            "security_groups": [],
            "source_dest_check": true,
            "spot_instance_request_id": "",
            "subnet_id": "subnet-03832111e11481ef6",
            "tags": {
              "Name": "bastion"
            },
            "tags_all": {
              "Name": "bastion"
            },
            "tenancy": "default",
            "timeouts": null,
            "user_data": null,
            "user_data_base64": null,
            "user_data_replace_on_change": false,
            "volume_tags": null,
            "vpc_security_group_ids": [
              "sg-0bff9ef8634499efe"
            ]
          },
          "sensitive_attributes": [],
          "private": "eyJlMmJmYjczMC1lY2FhLTExZTYtOGY4OC0zNDM2M2JjN2M0YzAiOnsiY3JlYXRlIjo2MDAwMDAwMDAwMDAsImRlbGV0ZSI6MTIwMDAwMDAwMDAwMCwicmVhZCI6OTAwMDAwMDAwMDAwLCJ1cGRhdGUiOjYwMDAwMDAwMDAwMH0sInNjaGVtYV92ZXJzaW9uIjoiMiJ9",
          "dependencies": [
            "aws_key_pair.ec2_key",
            "aws_security_group.bastion_sg",
            "aws_subnet.public",
            "aws_vpc.this",
            "data.aws_ami.ubuntu",
            "tls_private_key.generated"
          ]
        }
      ]
    },
    {
      "mode": "managed",
      "type": "aws_instance",
      "name": "mysql_db",
      "provider": "provider[\"registry.terraform.io/hashicorp/aws\"]",
      "instances": [
        {
          "schema_version": 2,
          "attributes": {
            "ami": "ami-0f457776b2f2411c1",
            "arn": "arn:aws:ec2:ap-south-1:462622527060:instance/i-040b4a6d5a9d98612",
            "associate_public_ip_address": false,
            "availability_zone": "ap-south-1a",
            "capacity_reservation_specification": [
              {
                "capacity_reservation_preference": "open",
                "capacity_reservation_target": []
              }
            ],
            "cpu_options": [
              {
                "amd_sev_snp": "",
                "core_count": 1,
                "threads_per_core": 2
              }
            ],
            "credit_specification": [
              {
                "cpu_credits": "unlimited"
              }
            ],
            "disable_api_stop": false,
            "disable_api_termination": false,
            "ebs_block_device": [],
            "ebs_optimized": false,
            "enable_primary_ipv6": null,
            "enclave_options": [
              {
                "enabled": false
              }
            ],
            "ephemeral_block_device": [],
            "force_destroy": false,
            "get_password_data": false,
            "hibernation": false,
            "host_id": "",
            "host_resource_group_arn": null,
            "iam_instance_profile": "",
            "id": "i-040b4a6d5a9d98612",
            "instance_initiated_shutdown_behavior": "stop",
            "instance_lifecycle": "",
            "instance_market_options": [],
            "instance_state": "running",
            "instance_type": "t3.micro",
            "ipv6_address_count": 0,
            "ipv6_addresses": [],
            "key_name": "my-key",
            "launch_template": [],
            "maintenance_options": [
              {
                "auto_recovery": "default"
              }
            ],
            "metadata_options": [
              {
                "http_endpoint": "enabled",
                "http_protocol_ipv6": "disabled",
                "http_put_response_hop_limit": 1,
                "http_tokens": "optional",
                "instance_metadata_tags": "disabled"
              }
            ],
            "monitoring": false,
            "network_interface": [],
            "outpost_arn": "",
            "password_data": "",
            "placement_group": "",
            "placement_group_id": "",
            "placement_partition_number": 0,
            "primary_network_interface": [
              {
                "delete_on_termination": true,
                "network_interface_id": "eni-0da7c74391d94c712"
              }
            ],
            "primary_network_interface_id": "eni-0da7c74391d94c712",
            "private_dns": "ip-10-0-101-57.ap-south-1.compute.internal",
            "private_dns_name_options": [
              {
                "enable_resource_name_dns_a_record": false,
                "enable_resource_name_dns_aaaa_record": false,
                "hostname_type": "ip-name"
              }
            ],
            "private_ip": "10.0.101.57",
            "public_dns": "",
            "public_ip": "",
            "region": "ap-south-1",
            "root_block_device": [
              {
                "delete_on_termination": true,
                "device_name": "/dev/sda1",
                "encrypted": false,
                "iops": 100,
                "kms_key_id": "",
                "tags": {},
                "tags_all": {},
                "throughput": 0,
                "volume_id": "vol-0a908eca78880f891",
                "volume_size": 8,
                "volume_type": "gp2"
              }
            ],
            "secondary_private_ips": [],
            "security_groups": [],
            "source_dest_check": true,
            "spot_instance_request_id": "",
            "subnet_id": "subnet-0f81075cdafa81d3d",
            "tags": {
              "Name": "mysql-db"
            },
            "tags_all": {
              "Name": "mysql-db"
            },
            "tenancy": "default",
            "timeouts": null,
            "user_data": null,
            "user_data_base64": null,
            "user_data_replace_on_change": false,
            "volume_tags": null,
            "vpc_security_group_ids": [
              "sg-039e569019912db83"
            ]
          },
          "sensitive_attributes": [],
          "private": "eyJlMmJmYjczMC1lY2FhLTExZTYtOGY4OC0zNDM2M2JjN2M0YzAiOnsiY3JlYXRlIjo2MDAwMDAwMDAwMDAsImRlbGV0ZSI6MTIwMDAwMDAwMDAwMCwicmVhZCI6OTAwMDAwMDAwMDAwLCJ1cGRhdGUiOjYwMDAwMDAwMDAwMH0sInNjaGVtYV92ZXJzaW9uIjoiMiJ9",
          "dependencies": [
            "aws_key_pair.ec2_key",
            "aws_security_group.bastion_sg",
            "aws_security_group.db_sg",
            "aws_subnet.private",
            "aws_vpc.this",
            "data.aws_ami.ubuntu",
            "tls_private_key.generated"
          ]
        }
      ]
    },
    {
      "mode": "managed",
      "type": "aws_internet_gateway",
      "name": "this",
      "provider": "provider[\"registry.terraform.io/hashicorp/aws\"]",
      "instances": [
        {
          "schema_version": 0,
          "attributes": {
            "arn": "arn:aws:ec2:ap-south-1:462622527060:internet-gateway/igw-09d526a2b324a1d15",
            "id": "igw-09d526a2b324a1d15",
            "owner_id": "462622527060",
            "region": "ap-south-1",
            "tags": {
              "Name": "DB-IGW"
            },
            "tags_all": {
              "Name": "DB-IGW"
            },
            "timeouts": null,
            "vpc_id": "vpc-05ae7479cdc63131f"
          },
          "sensitive_attributes": [],
          "private": "eyJlMmJmYjczMC1lY2FhLTExZTYtOGY4OC0zNDM2M2JjN2M0YzAiOnsiY3JlYXRlIjoxMjAwMDAwMDAwMDAwLCJkZWxldGUiOjEyMDAwMDAwMDAwMDAsInVwZGF0ZSI6MTIwMDAwMDAwMDAwMH19",
          "dependencies": [
            "aws_vpc.this"
          ]
        }
      ]
    },
    {
      "mode": "managed",
      "type": "aws_key_pair",
      "name": "ec2_key",
      "provider": "provider[\"registry.terraform.io/hashicorp/aws\"]",
      "instances": [
        {
          "schema_version": 1,
          "attributes": {
            "arn": "arn:aws:ec2:ap-south-1:462622527060:key-pair/my-key",
            "fingerprint": "34:5c:7d:57:6b:e5:05:a2:73:ec:5f:53:2d:9e:4e:a4",
            "id": "my-key",
            "key_name": "my-key",
            "key_name_prefix": "",
            "key_pair_id": "key-054ea7c33be41c2f9",
            "key_type": "rsa",
            "public_key": "ssh-rsa AAAAB3NzaC1yc2EAAAADAQABAAACAQCvwLVdrtah+ncwXLcx8M9icIAK6j8Y7crLVvm4jIknz397mHn9bZOEhMFaO+6uJ6iubApMnby2rl/OLluY6OpvtvQyd9E99I1VYIZj9lFOr8MTaLJ0SJpv7nQe7qajFk8P55OuFcWoaVmtFCSXYuDNj2clN80stL5HjI8UtLpS246KNGswfifokXMTJq2pIY+8n6XyR3n1mxxAKroIDCSDKFmnQ0o+tGBx9vtiGAtxWOOxWeMDkeydl2VUutI0MSjS9DZc/sfb4R9ioabX3jPn7ZyXx5uztF6MKya0a9Yn5wo4DsGrTvr3+pmcMCUSKtwnl76KKRaw2ZrSSyxsx7S/zFEb7BskpjaMtnepHH4uCzUQr4duSyNNNNH3o+/jdBoxzOoQ/N9SAWHkovFVd7qIu8BEMann+8QojzPJL4tlE2f1HjAE1m09yjToaFpbKtcwJUrRM+I0L9d2CB/yagaDLOXMOzxofqOSWFjeRbRWvhkX8cRSc+9/es06tjKRhxzRssHRUx+GC9ZOvd8wuF1O03/Slku+2DyCUkbPPEVKE/tSk1RGdDWjr8QUD8YNidzA1V2F213gbEtM/iGOMxd4DiJbfHEovoOpXfZPTaRUAH3fI6P1YU9k354d6g/92bO/2Dba6PXGOiCWA656z9zun1EhBSDHi7PUgRTA1otrKQ==",
            "region": "ap-south-1",
            "tags": {},
            "tags_all": {}
          },
          "sensitive_attributes": [],
          "private": "eyJzY2hlbWFfdmVyc2lvbiI6IjEifQ==",
          "dependencies": [
            "tls_private_key.generated"
          ]
        }
      ]
    },
    {
      "mode": "managed",
      "type": "aws_nat_gateway",
      "name": "nat",
      "provider": "provider[\"registry.terraform.io/hashicorp/aws\"]",
      "instances": [
        {
          "schema_version": 0,
          "attributes": {
            "allocation_id": "eipalloc-00df4ea7773f1fe70",
            "association_id": "eipassoc-0fcd8cb6f1e255aa0",
            "connectivity_type": "public",
            "id": "nat-070c445bb6ba0324b",
            "network_interface_id": "eni-077a30f50f6c5253b",
            "private_ip": "10.0.1.247",
            "public_ip": "13.204.209.56",
            "region": "ap-south-1",
            "secondary_allocation_ids": [],
            "secondary_private_ip_address_count": 0,
            "secondary_private_ip_addresses": [],
            "subnet_id": "subnet-03832111e11481ef6",
            "tags": {
              "Name": "NAT-Gateway"
            },
            "tags_all": {
              "Name": "NAT-Gateway"
            },
            "timeouts": null
          },
          "sensitive_attributes": [],
          "private": "eyJlMmJmYjczMC1lY2FhLTExZTYtOGY4OC0zNDM2M2JjN2M0YzAiOnsiY3JlYXRlIjo2MDAwMDAwMDAwMDAsImRlbGV0ZSI6MTgwMDAwMDAwMDAwMCwidXBkYXRlIjo2MDAwMDAwMDAwMDB9fQ==",
          "dependencies": [
            "aws_eip.nat_eip",
            "aws_internet_gateway.this",
            "aws_subnet.public",
            "aws_vpc.this"
          ]
        }
      ]
    },
    {
      "mode": "managed",
      "type": "aws_route",
      "name": "internet_access",
      "provider": "provider[\"registry.terraform.io/hashicorp/aws\"]",
      "instances": [
        {
          "schema_version": 0,
          "attributes": {
            "carrier_gateway_id": "",
            "core_network_arn": "",
            "destination_cidr_block": "0.0.0.0/0",
            "destination_ipv6_cidr_block": "",
            "destination_prefix_list_id": "",
            "egress_only_gateway_id": "",
            "gateway_id": "igw-09d526a2b324a1d15",
            "id": "r-rtb-07dca9b6e83ae53691080289494",
            "instance_id": "",
            "instance_owner_id": "",
            "local_gateway_id": "",
            "nat_gateway_id": "",
            "network_interface_id": "",
            "origin": "CreateRoute",
            "region": "ap-south-1",
            "route_table_id": "rtb-07dca9b6e83ae5369",
            "state": "active",
            "timeouts": null,
            "transit_gateway_id": "",
            "vpc_endpoint_id": "",
            "vpc_peering_connection_id": ""
          },
          "sensitive_attributes": [],
          "private": "eyJlMmJmYjczMC1lY2FhLTExZTYtOGY4OC0zNDM2M2JjN2M0YzAiOnsiY3JlYXRlIjozMDAwMDAwMDAwMDAsImRlbGV0ZSI6MzAwMDAwMDAwMDAwLCJ1cGRhdGUiOjEyMDAwMDAwMDAwMH19",
          "dependencies": [
            "aws_internet_gateway.this",
            "aws_route_table.public",
            "aws_vpc.this"
          ]
        }
      ]
    },
    {
      "mode": "managed",
      "type": "aws_route",
      "name": "private_nat_route",
      "provider": "provider[\"registry.terraform.io/hashicorp/aws\"]",
      "instances": [
        {
          "schema_version": 0,
          "attributes": {
            "carrier_gateway_id": "",
            "core_network_arn": "",
            "destination_cidr_block": "0.0.0.0/0",
            "destination_ipv6_cidr_block": "",
            "destination_prefix_list_id": "",
            "egress_only_gateway_id": "",
            "gateway_id": "",
            "id": "r-rtb-006a7d51537e3fbfd1080289494",
            "instance_id": "",
            "instance_owner_id": "",
            "local_gateway_id": "",
            "nat_gateway_id": "nat-070c445bb6ba0324b",
            "network_interface_id": "",
            "origin": "CreateRoute",
            "region": "ap-south-1",
            "route_table_id": "rtb-006a7d51537e3fbfd",
            "state": "active",
            "timeouts": null,
            "transit_gateway_id": "",
            "vpc_endpoint_id": "",
            "vpc_peering_connection_id": ""
          },
          "sensitive_attributes": [],
          "private": "eyJlMmJmYjczMC1lY2FhLTExZTYtOGY4OC0zNDM2M2JjN2M0YzAiOnsiY3JlYXRlIjozMDAwMDAwMDAwMDAsImRlbGV0ZSI6MzAwMDAwMDAwMDAwLCJ1cGRhdGUiOjEyMDAwMDAwMDAwMH19",
          "dependencies": [
            "aws_eip.nat_eip",
            "aws_internet_gateway.this",
            "aws_nat_gateway.nat",
            "aws_route_table.private",
            "aws_subnet.public",
            "aws_vpc.this"
          ]
        }
      ]
    },
    {
      "mode": "managed",
      "type": "aws_route_table",
      "name": "private",
      "provider": "provider[\"registry.terraform.io/hashicorp/aws\"]",
      "instances": [
        {
          "schema_version": 0,
          "attributes": {
            "arn": "arn:aws:ec2:ap-south-1:462622527060:route-table/rtb-006a7d51537e3fbfd",
            "id": "rtb-006a7d51537e3fbfd",
            "owner_id": "462622527060",
            "propagating_vgws": [],
            "region": "ap-south-1",
            "route": [],
            "tags": {
              "Name": "Private-RT"
            },
            "tags_all": {
              "Name": "Private-RT"
            },
            "timeouts": null,
            "vpc_id": "vpc-05ae7479cdc63131f"
          },
          "sensitive_attributes": [],
          "private": "eyJlMmJmYjczMC1lY2FhLTExZTYtOGY4OC0zNDM2M2JjN2M0YzAiOnsiY3JlYXRlIjozMDAwMDAwMDAwMDAsImRlbGV0ZSI6MzAwMDAwMDAwMDAwLCJ1cGRhdGUiOjEyMDAwMDAwMDAwMH19",
          "dependencies": [
            "aws_vpc.this"
          ]
        }
      ]
    },
    {
      "mode": "managed",
      "type": "aws_route_table",
      "name": "public",
      "provider": "provider[\"registry.terraform.io/hashicorp/aws\"]",
      "instances": [
        {
          "schema_version": 0,
          "attributes": {
            "arn": "arn:aws:ec2:ap-south-1:462622527060:route-table/rtb-07dca9b6e83ae5369",
            "id": "rtb-07dca9b6e83ae5369",
            "owner_id": "462622527060",
            "propagating_vgws": [],
            "region": "ap-south-1",
            "route": [
              {
                "carrier_gateway_id": "",
                "cidr_block": "0.0.0.0/0",
                "core_network_arn": "",
                "destination_prefix_list_id": "",
                "egress_only_gateway_id": "",
                "gateway_id": "igw-09d526a2b324a1d15",
                "ipv6_cidr_block": "",
                "local_gateway_id": "",
                "nat_gateway_id": "",
                "network_interface_id": "",
                "transit_gateway_id": "",
                "vpc_endpoint_id": "",
                "vpc_peering_connection_id": ""
              }
            ],
            "tags": {
              "Name": "Public-RT"
            },
            "tags_all": {
              "Name": "Public-RT"
            },
            "timeouts": null,
            "vpc_id": "vpc-05ae7479cdc63131f"
          },
          "sensitive_attributes": [],
          "private": "eyJlMmJmYjczMC1lY2FhLTExZTYtOGY4OC0zNDM2M2JjN2M0YzAiOnsiY3JlYXRlIjozMDAwMDAwMDAwMDAsImRlbGV0ZSI6MzAwMDAwMDAwMDAwLCJ1cGRhdGUiOjEyMDAwMDAwMDAwMH19",
          "dependencies": [
            "aws_vpc.this"
          ]
        }
      ]
    },
    {
      "mode": "managed",
      "type": "aws_route_table_association",
      "name": "private_assoc",
      "provider": "provider[\"registry.terraform.io/hashicorp/aws\"]",
      "instances": [
        {
          "schema_version": 0,
          "attributes": {
            "gateway_id": "",
            "id": "rtbassoc-04069b0b8d7dc5c1c",
            "region": "ap-south-1",
            "route_table_id": "rtb-006a7d51537e3fbfd",
            "subnet_id": "subnet-0f81075cdafa81d3d",
            "timeouts": null
          },
          "sensitive_attributes": [],
          "private": "eyJlMmJmYjczMC1lY2FhLTExZTYtOGY4OC0zNDM2M2JjN2M0YzAiOnsiY3JlYXRlIjozMDAwMDAwMDAwMDAsImRlbGV0ZSI6MzAwMDAwMDAwMDAwLCJ1cGRhdGUiOjEyMDAwMDAwMDAwMH19",
          "dependencies": [
            "aws_route_table.private",
            "aws_subnet.private",
            "aws_vpc.this"
          ]
        }
      ]
    },
    {
      "mode": "managed",
      "type": "aws_route_table_association",
      "name": "public_assoc",
      "provider": "provider[\"registry.terraform.io/hashicorp/aws\"]",
      "instances": [
        {
          "schema_version": 0,
          "attributes": {
            "gateway_id": "",
            "id": "rtbassoc-011e7999f81f0263d",
            "region": "ap-south-1",
            "route_table_id": "rtb-07dca9b6e83ae5369",
            "subnet_id": "subnet-03832111e11481ef6",
            "timeouts": null
          },
          "sensitive_attributes": [],
          "private": "eyJlMmJmYjczMC1lY2FhLTExZTYtOGY4OC0zNDM2M2JjN2M0YzAiOnsiY3JlYXRlIjozMDAwMDAwMDAwMDAsImRlbGV0ZSI6MzAwMDAwMDAwMDAwLCJ1cGRhdGUiOjEyMDAwMDAwMDAwMH19",
          "dependencies": [
            "aws_route_table.public",
            "aws_subnet.public",
            "aws_vpc.this"
          ]
        }
      ]
    },
    {
      "mode": "managed",
      "type": "aws_security_group",
      "name": "bastion_sg",
      "provider": "provider[\"registry.terraform.io/hashicorp/aws\"]",
      "instances": [
        {
          "schema_version": 1,
          "attributes": {
            "arn": "arn:aws:ec2:ap-south-1:462622527060:security-group/sg-0bff9ef8634499efe",
            "description": "Managed by Terraform",
            "egress": [
              {
                "cidr_blocks": [
                  "0.0.0.0/0"
                ],
                "description": "",
                "from_port": 0,
                "ipv6_cidr_blocks": [],
                "prefix_list_ids": [],
                "protocol": "-1",
                "security_groups": [],
                "self": false,
                "to_port": 0
              }
            ],
            "id": "sg-0bff9ef8634499efe",
            "ingress": [
              {
                "cidr_blocks": [
                  "0.0.0.0/0"
                ],
                "description": "",
                "from_port": 22,
                "ipv6_cidr_blocks": [],
                "prefix_list_ids": [],
                "protocol": "tcp",
                "security_groups": [],
                "self": false,
                "to_port": 22
              }
            ],
            "name": "bastion-sg",
            "name_prefix": "",
            "owner_id": "462622527060",
            "region": "ap-south-1",
            "revoke_rules_on_delete": false,
            "tags": {},
            "tags_all": {},
            "timeouts": null,
            "vpc_id": "vpc-05ae7479cdc63131f"
          },
          "sensitive_attributes": [],
          "private": "eyJlMmJmYjczMC1lY2FhLTExZTYtOGY4OC0zNDM2M2JjN2M0YzAiOnsiY3JlYXRlIjo2MDAwMDAwMDAwMDAsImRlbGV0ZSI6OTAwMDAwMDAwMDAwfSwic2NoZW1hX3ZlcnNpb24iOiIxIn0=",
          "dependencies": [
            "aws_vpc.this"
          ]
        }
      ]
    },
    {
      "mode": "managed",
      "type": "aws_security_group",
      "name": "db_sg",
      "provider": "provider[\"registry.terraform.io/hashicorp/aws\"]",
      "instances": [
        {
          "schema_version": 1,
          "attributes": {
            "arn": "arn:aws:ec2:ap-south-1:462622527060:security-group/sg-039e569019912db83",
            "description": "Managed by Terraform",
            "egress": [
              {
                "cidr_blocks": [
                  "0.0.0.0/0"
                ],
                "description": "",
                "from_port": 0,
                "ipv6_cidr_blocks": [],
                "prefix_list_ids": [],
                "protocol": "-1",
                "security_groups": [],
                "self": false,
                "to_port": 0
              }
            ],
            "id": "sg-039e569019912db83",
            "ingress": [
              {
                "cidr_blocks": [],
                "description": "",
                "from_port": 22,
                "ipv6_cidr_blocks": [],
                "prefix_list_ids": [],
                "protocol": "tcp",
                "security_groups": [
                  "sg-0bff9ef8634499efe"
                ],
                "self": false,
                "to_port": 22
              },
              {
                "cidr_blocks": [],
                "description": "",
                "from_port": 3306,
                "ipv6_cidr_blocks": [],
                "prefix_list_ids": [],
                "protocol": "tcp",
                "security_groups": [
                  "sg-0bff9ef8634499efe"
                ],
                "self": false,
                "to_port": 3306
              }
            ],
            "name": "db-sg",
            "name_prefix": "",
            "owner_id": "462622527060",
            "region": "ap-south-1",
            "revoke_rules_on_delete": false,
            "tags": {},
            "tags_all": {},
            "timeouts": null,
            "vpc_id": "vpc-05ae7479cdc63131f"
          },
          "sensitive_attributes": [],
          "private": "eyJlMmJmYjczMC1lY2FhLTExZTYtOGY4OC0zNDM2M2JjN2M0YzAiOnsiY3JlYXRlIjo2MDAwMDAwMDAwMDAsImRlbGV0ZSI6OTAwMDAwMDAwMDAwfSwic2NoZW1hX3ZlcnNpb24iOiIxIn0=",
          "dependencies": [
            "aws_security_group.bastion_sg",
            "aws_vpc.this"
          ]
        }
      ]
    },
    {
      "mode": "managed",
      "type": "aws_subnet",
      "name": "private",
      "provider": "provider[\"registry.terraform.io/hashicorp/aws\"]",
      "instances": [
        {
          "schema_version": 1,
          "attributes": {
            "arn": "arn:aws:ec2:ap-south-1:462622527060:subnet/subnet-0f81075cdafa81d3d",
            "assign_ipv6_address_on_creation": false,
            "availability_zone": "ap-south-1a",
            "availability_zone_id": "aps1-az1",
            "cidr_block": "10.0.101.0/24",
            "customer_owned_ipv4_pool": "",
            "enable_dns64": false,
            "enable_lni_at_device_index": 0,
            "enable_resource_name_dns_a_record_on_launch": false,
            "enable_resource_name_dns_aaaa_record_on_launch": false,
            "id": "subnet-0f81075cdafa81d3d",
            "ipv6_cidr_block": "",
            "ipv6_cidr_block_association_id": "",
            "ipv6_native": false,
            "map_customer_owned_ip_on_launch": false,
            "map_public_ip_on_launch": false,
            "outpost_arn": "",
            "owner_id": "462622527060",
            "private_dns_hostname_type_on_launch": "ip-name",
            "region": "ap-south-1",
            "tags": {
              "Name": "Private-Subnet"
            },
            "tags_all": {
              "Name": "Private-Subnet"
            },
            "timeouts": null,
            "vpc_id": "vpc-05ae7479cdc63131f"
          },
          "sensitive_attributes": [],
          "private": "eyJlMmJmYjczMC1lY2FhLTExZTYtOGY4OC0zNDM2M2JjN2M0YzAiOnsiY3JlYXRlIjo2MDAwMDAwMDAwMDAsImRlbGV0ZSI6MTIwMDAwMDAwMDAwMH0sInNjaGVtYV92ZXJzaW9uIjoiMSJ9",
          "dependencies": [
            "aws_vpc.this"
          ]
        }
      ]
    },
    {
      "mode": "managed",
      "type": "aws_subnet",
      "name": "public",
      "provider": "provider[\"registry.terraform.io/hashicorp/aws\"]",
      "instances": [
        {
          "schema_version": 1,
          "attributes": {
            "arn": "arn:aws:ec2:ap-south-1:462622527060:subnet/subnet-03832111e11481ef6",
            "assign_ipv6_address_on_creation": false,
            "availability_zone": "ap-south-1a",
            "availability_zone_id": "aps1-az1",
            "cidr_block": "10.0.1.0/24",
            "customer_owned_ipv4_pool": "",
            "enable_dns64": false,
            "enable_lni_at_device_index": 0,
            "enable_resource_name_dns_a_record_on_launch": false,
            "enable_resource_name_dns_aaaa_record_on_launch": false,
            "id": "subnet-03832111e11481ef6",
            "ipv6_cidr_block": "",
            "ipv6_cidr_block_association_id": "",
            "ipv6_native": false,
            "map_customer_owned_ip_on_launch": false,
            "map_public_ip_on_launch": true,
            "outpost_arn": "",
            "owner_id": "462622527060",
            "private_dns_hostname_type_on_launch": "ip-name",
            "region": "ap-south-1",
            "tags": {
              "Name": "Public-Subnet"
            },
            "tags_all": {
              "Name": "Public-Subnet"
            },
            "timeouts": null,
            "vpc_id": "vpc-05ae7479cdc63131f"
          },
          "sensitive_attributes": [],
          "private": "eyJlMmJmYjczMC1lY2FhLTExZTYtOGY4OC0zNDM2M2JjN2M0YzAiOnsiY3JlYXRlIjo2MDAwMDAwMDAwMDAsImRlbGV0ZSI6MTIwMDAwMDAwMDAwMH0sInNjaGVtYV92ZXJzaW9uIjoiMSJ9",
          "dependencies": [
            "aws_vpc.this"
          ]
        }
      ]
    },
    {
      "mode": "managed",
      "type": "aws_vpc",
      "name": "this",
      "provider": "provider[\"registry.terraform.io/hashicorp/aws\"]",
      "instances": [
        {
          "schema_version": 1,
          "attributes": {
            "arn": "arn:aws:ec2:ap-south-1:462622527060:vpc/vpc-05ae7479cdc63131f",
            "assign_generated_ipv6_cidr_block": false,
            "cidr_block": "10.0.0.0/16",
            "default_network_acl_id": "acl-0f8cf644c33f6bee1",
            "default_route_table_id": "rtb-041355ceb81f36bb4",
            "default_security_group_id": "sg-0223bb96908687759",
            "dhcp_options_id": "dopt-0ab9994aeaeaecbac",
            "enable_dns_hostnames": true,
            "enable_dns_support": true,
            "enable_network_address_usage_metrics": false,
            "id": "vpc-05ae7479cdc63131f",
            "instance_tenancy": "default",
            "ipv4_ipam_pool_id": null,
            "ipv4_netmask_length": null,
            "ipv6_association_id": "",
            "ipv6_cidr_block": "",
            "ipv6_cidr_block_network_border_group": "",
            "ipv6_ipam_pool_id": "",
            "ipv6_netmask_length": 0,
            "main_route_table_id": "rtb-041355ceb81f36bb4",
            "owner_id": "462622527060",
            "region": "ap-south-1",
            "tags": {
              "Name": "DB-VPC"
            },
            "tags_all": {
              "Name": "DB-VPC"
            }
          },
          "sensitive_attributes": [],
          "private": "eyJzY2hlbWFfdmVyc2lvbiI6IjEifQ=="
        }
      ]
    },
    {
      "mode": "managed",
      "type": "local_file",
      "name": "private_key_pem",
      "provider": "provider[\"registry.terraform.io/hashicorp/local\"]",
      "instances": [
        {
          "schema_version": 0,
          "attributes": {
            "content": "-----BEGIN RSA PRIVATE KEY-----\nMIIJJwIBAAKCAgEAr8C1Xa7Wofp3MFy3MfDPYnCACuo/GO3Ky1b5uIyJJ89/e5h5\n/W2ThITBWjvurieormwKTJ28tq5fzi5bmOjqb7b0MnfRPfSNVWCGY/ZRTq/DE2iy\ndEiab+50Hu6moxZPD+eTrhXFqGlZrRQkl2LgzY9nJTfNLLS+R4yPFLS6UtuOijRr\nMH4n6JFzEyatqSGPvJ+l8kd59ZscQCq6CAwkgyhZp0NKPrRgcfb7YhgLcVjjsVnj\nA5HsnZdlVLrSNDEo0vQ2XP7H2+EfYqGm194z5+2cl8ebs7RejCsmtGvWJ+cKOA7B\nq0769/qZnDAlEircJ5e+iikWsNma0kssbMe0v8xRG+wbJKY2jLZ3qRx+Lgs1EK+H\nbksjTTTR96Pv43QaMczqEPzfUgFh5KLxVXe6iLvARDGp5/vEKI8zyS+LZRNn9R4w\nBNZtPco06GhaWyrXMCVK0TPiNC/Xdggf8moGgyzlzDs8aH6jklhY3kW0Vr4ZF/HE\nUnPvf3rNOrYykYcc0bLB0VMfhgvWTr3fMLhdTtN/0pZLvtg8glJGzzxFShP7UpNU\nRnQ1o6/EFA/GDYncwNVdhdtd4GxLTP4hjjMXeA4iW3xxKL6DqV32T02kVAB93yOj\n9WFPZN+eHeoP/dmzv9g22uj1xjoglgOues/c7p9RIQUgx4uz1IEUwNaLaykCAwEA\nAQKCAgADp7td5mv6VG40KEl7FWoKvxI6p+KGDzP/hKCO8QVNOaiKFoK6/ZNq1yP6\nT3LIVnTQo9iW/VTWa8v8SsSG6pktl51+izVj13k1BFvnKlFIlKk29x93AaeMmmX5\n2rbGf4lHaGaO4U8KEJ7X1appJ5pLTCc2A/IVcvDeJhM3uAaEAKL3Rt3P1V/ZG2VM\nSaqk8Ni/cIaQAmKL9BzjTMAvuKjtvWIX83NQ2ImE9UEHKj7araGWp6rsARXttR9b\nYsNKaJdTw9Z5mqbncMgpUflZVfq4YR23nmQjmaW5vpAAgpminNB+l/f5KxxXGfQl\n5m5u8UtA24wP7YjWRsBMjVmwLXsZ1T4WMZVMvDSOWpgGe+SQQW5Ae8MMIfkXeb1N\nx6nU9259KOoQMhRF4EiwnqPNBuZl40eBfQPQLumf58vfHCzDN84L8F+yAQ3mYmfZ\nZ2LzPpD1rTVmfp6KiiHtc3T4um0acllXJkwLu54ANVw7PXOGyq0vx8/uSCD9V1Bh\nmu8bqEQDcyv9WDgVaLBsDErAgNE3lfjpTvPtc86XZvP6z6sgIsUcbY+UdVUEi1EV\ngO8qW2FupnZNQB7A/uzqYyxOMP+XQPkSCCHFfTpgaIyajzMyyE1m7zixqgLB160S\nz2ZDGxJWJ1cSN/tyMpBIrN4ri5vKG7F9b05uH/awD0cdMArA8QKCAQEA3bi4MH/6\nXR4SuNLQ9qHnP/+BB5ddzr+kHTEK2KCIIBU+bvTZ4xyMfbG+D/pp0EroSWdCrUBF\nvevJdEeRlBsYvQfvXfyLCbG7H5aViJWwuFdMaZOQaK2uKSPp66cl56gETVqugN/f\neDTWV9Jwza6dIaRTa1jsm02YRg3HqIJ+10GLb2jdIFbAbinHwu3kvpGcJDCbtJwp\nJJIcIKCNDS3GDWbpX0nWbBmElHe4C8QA0e6OYZCypEhGgk+C5k4dpMblOVZ4uYP7\nz4F5fBeBKjmOfSqmt8Wgbw4srrkP3k7lZbjEMloTGRlimIXrJF+PIV4fY4w+vCqX\nBcMkqzS1cgLttQKCAQEAyuyjp2qlxuGHHDABS8qX7vza+Dm1w7gYgHlikGg39+bJ\nyGkUg8qrHWg7vGTbvtV3L8j9qbt8ioMijDh9d8bPVHJ6Hu55eJtPhZLnBUQT59lv\nQK2636vCkNmQvApTSj4GxUnZPcyopHClNThegLS6gxq3MKO5+pO6cpfVmasUHouB\nBCg2FZdx4/NimL/wNlOay8PMaZ+7UN0SUtJw1GLeYyENO41YYfyXP84tbsCiHxVy\nJLyJ4sB/Haal07RheSHCPnqO9IxUwHRDPeZ8SQbapIjkiT0D3POtT1ZoTIn4FcyM\nhMOB7rn788eDBpeHnVc7g/fCZMjX/E13TsycjIzQJQKCAQBMNzMZeOSXHb9RySYL\noZvcY/f2pBGbAEVpw3H3BTfFz4emnIRJjYa9rlunIm09LIKsuNIyu+U9Y8/cKL3i\nK25VjGS76hPhQTcRpLHCQbJ9q4SYxiDd2tYDTlUarFpbR2YzMPjLVCl9KKyFg9FC\n4sMgzVvfirHKsOGnMxVu12zCkcVchq98blW3iKUiXKRE3cjOp+beLs/1wkPo80eJ\nQDLUaIvQNZF/l0X7wyuA399oSpim8RZ3YmDaanqUsEWAXt5s10yoeLYWnmskPPAp\nk59nZ0Hn6gc8JaM2bGcIBBbW4KyQomXuOsupol8yIacR0Uj47zyhcgJ3+JyiPXwh\ntOABAoIBAB65k9HuiOlDDpULA7c5FqYd7P22pznaLwOM3Yql7QuBCz5oAq4typjq\nRlkxIECVy7UVhqrjc2j5kAqRJxYyqQPNTYZPb17+jRzZcFdQxn7NYlX1uBzTweLy\nvkJqgc/08kt+8gC0czhqwej7/vsX4kGlkuUvdSJmqc1eBf59c89oKgG6IO5F/v2X\nxW8BaNqg8Ag4PkQj5lXJE1Qs/t55ldiGkZ1Zum8jsrb7fc+OJT31nlHHpk0J/nU7\n3VHftv6DSQjyv6Bxewek0uWVd24LNqHBBHFvJp2W27/ugl5MaZ7LWN9lRtAhou93\nXvRpjyQYqC9EHU/rRSCzjgQFYRK6420CggEAPIvA1lqAvoZtloEj3C6CQPhl/YvU\nyQcUpFUan1Cy+WllIyHwBZFocKL7yLBgQF2XOH4YpvDHGqz/pB5DRU53Ux7RykO5\nm/UEpt86dobaEYjmMn9a+6YevVTT9mHmWpdW3ea/5pWvEexNMed1hD6oNliyafcO\nNva9tj7ZfetgvcaF0GtV8NopZbmJ3tP3xlXlRg2f7XrHEmQRinteBXhnOCOCUxzU\nwDTuEj880eM391NPN33QAQrgYva2468SGyVJB8f8dEQzxToRtIIqvk/8/Femm3fN\nd4p7rSNhuT2K77NmsluflVoSi4cFKSEPYCeTqUD4pty1CdMX3RMv3wke1Q==\n-----END RSA PRIVATE KEY-----\n",
            "content_base64": null,
            "content_base64sha256": "8JFGb9s82FAK5o4sQHBMaTXxrxvpEdrAfvF/qpWCaPE=",
            "content_base64sha512": "t8W86ppUAps+1QsJh0GDQplKEvE1x39pXGRs3kNYuqGBbvcyR1rZZ+Px0qrwr/0MYhdZfnHZA8jzZooILaYwcw==",
            "content_md5": "b58a274e5f3ec7426f7868580a3ca8dc",
            "content_sha1": "c2a86d278be1679b42dbbb26e856b08a08a354a5",
            "content_sha256": "f091466fdb3cd8500ae68e2c40704c6935f1af1be911dac07ef17faa958268f1",
            "content_sha512": "b7c5bcea9a54029b3ed50b0987418342994a12f135c77f695c646cde4358baa1816ef732475ad967e3f1d2aaf0affd0c6217597e71d903c8f3668a082da63073",
            "directory_permission": "0777",
            "file_permission": "0600",
            "filename": "./my-key.pem",
            "id": "c2a86d278be1679b42dbbb26e856b08a08a354a5",
            "sensitive_content": null,
            "source": null
          },
          "sensitive_attributes": [
            [
              {
                "type": "get_attr",
                "value": "content"
              }
            ]
          ],
          "dependencies": [
            "tls_private_key.generated"
          ]
        }
      ]
    },
    {
      "mode": "managed",
      "type": "tls_private_key",
      "name": "generated",
      "provider": "provider[\"registry.terraform.io/hashicorp/tls\"]",
      "instances": [
        {
          "schema_version": 1,
          "attributes": {
            "algorithm": "RSA",
            "ecdsa_curve": "P224",
            "id": "1f4171d5c8ccdb63953700f59e6e6d39d08c3d0a",
            "private_key_openssh": "-----BEGIN OPENSSH PRIVATE KEY-----\nb3BlbnNzaC1rZXktdjEAAAAABG5vbmUAAAAEbm9uZQAAAAAAAAABAAACFwAAAAdz\nc2gtcnNhAAAAAwEAAQAAAgEAr8C1Xa7Wofp3MFy3MfDPYnCACuo/GO3Ky1b5uIyJ\nJ89/e5h5/W2ThITBWjvurieormwKTJ28tq5fzi5bmOjqb7b0MnfRPfSNVWCGY/ZR\nTq/DE2iydEiab+50Hu6moxZPD+eTrhXFqGlZrRQkl2LgzY9nJTfNLLS+R4yPFLS6\nUtuOijRrMH4n6JFzEyatqSGPvJ+l8kd59ZscQCq6CAwkgyhZp0NKPrRgcfb7YhgL\ncVjjsVnjA5HsnZdlVLrSNDEo0vQ2XP7H2+EfYqGm194z5+2cl8ebs7RejCsmtGvW\nJ+cKOA7Bq0769/qZnDAlEircJ5e+iikWsNma0kssbMe0v8xRG+wbJKY2jLZ3qRx+\nLgs1EK+HbksjTTTR96Pv43QaMczqEPzfUgFh5KLxVXe6iLvARDGp5/vEKI8zyS+L\nZRNn9R4wBNZtPco06GhaWyrXMCVK0TPiNC/Xdggf8moGgyzlzDs8aH6jklhY3kW0\nVr4ZF/HEUnPvf3rNOrYykYcc0bLB0VMfhgvWTr3fMLhdTtN/0pZLvtg8glJGzzxF\nShP7UpNURnQ1o6/EFA/GDYncwNVdhdtd4GxLTP4hjjMXeA4iW3xxKL6DqV32T02k\nVAB93yOj9WFPZN+eHeoP/dmzv9g22uj1xjoglgOues/c7p9RIQUgx4uz1IEUwNaL\naykAAAc42wrh09sK4dMAAAAHc3NoLXJzYQAAAgEAr8C1Xa7Wofp3MFy3MfDPYnCA\nCuo/GO3Ky1b5uIyJJ89/e5h5/W2ThITBWjvurieormwKTJ28tq5fzi5bmOjqb7b0\nMnfRPfSNVWCGY/ZRTq/DE2iydEiab+50Hu6moxZPD+eTrhXFqGlZrRQkl2LgzY9n\nJTfNLLS+R4yPFLS6UtuOijRrMH4n6JFzEyatqSGPvJ+l8kd59ZscQCq6CAwkgyhZ\np0NKPrRgcfb7YhgLcVjjsVnjA5HsnZdlVLrSNDEo0vQ2XP7H2+EfYqGm194z5+2c\nl8ebs7RejCsmtGvWJ+cKOA7Bq0769/qZnDAlEircJ5e+iikWsNma0kssbMe0v8xR\nG+wbJKY2jLZ3qRx+Lgs1EK+HbksjTTTR96Pv43QaMczqEPzfUgFh5KLxVXe6iLvA\nRDGp5/vEKI8zyS+LZRNn9R4wBNZtPco06GhaWyrXMCVK0TPiNC/Xdggf8moGgyzl\nzDs8aH6jklhY3kW0Vr4ZF/HEUnPvf3rNOrYykYcc0bLB0VMfhgvWTr3fMLhdTtN/\n0pZLvtg8glJGzzxFShP7UpNURnQ1o6/EFA/GDYncwNVdhdtd4GxLTP4hjjMXeA4i\nW3xxKL6DqV32T02kVAB93yOj9WFPZN+eHeoP/dmzv9g22uj1xjoglgOues/c7p9R\nIQUgx4uz1IEUwNaLaykAAAADAQABAAACAAOnu13ma/pUbjQoSXsVagq/Ejqn4oYP\nM/+EoI7xBU05qIoWgrr9k2rXI/pPcshWdNCj2Jb9VNZry/xKxIbqmS2XnX6LNWPX\neTUEW+cqUUiUqTb3H3cBp4yaZfnatsZ/iUdoZo7hTwoQntfVqmknmktMJzYD8hVy\n8N4mEze4BoQAovdG3c/VX9kbZUxJqqTw2L9whpACYov0HONMwC+4qO29Yhfzc1DY\niYT1QQcqPtqtoZanquwBFe21H1tiw0pol1PD1nmapudwyClR+VlV+rhhHbeeZCOZ\npbm+kACCmaKc0H6X9/krHFcZ9CXmbm7xS0DbjA/tiNZGwEyNWbAtexnVPhYxlUy8\nNI5amAZ75JBBbkB7wwwh+Rd5vU3HqdT3bn0o6hAyFEXgSLCeo80G5mXjR4F9A9Au\n6Z/ny98cLMM3zgvwX7IBDeZiZ9lnYvM+kPWtNWZ+noqKIe1zdPi6bRpyWVcmTAu7\nngA1XDs9c4bKrS/Hz+5IIP1XUGGa7xuoRANzK/1YOBVosGwMSsCA0TeV+OlO8+1z\nzpdm8/rPqyAixRxtj5R1VQSLURWA7ypbYW6mdk1AHsD+7OpjLE4w/5dA+RIIIcV9\nOmBojJqPMzLITWbvOLGqAsHXrRLPZkMbElYnVxI3+3IykEis3iuLm8obsX1vTm4f\n9rAPRx0wCsDxAAABADyLwNZagL6GbZaBI9wugkD4Zf2L1MkHFKRVGp9QsvlpZSMh\n8AWRaHCi+8iwYEBdlzh+GKbwxxqs/6QeQ0VOd1Me0cpDuZv1BKbfOnaG2hGI5jJ/\nWvumHr1U0/Zh5lqXVt3mv+aVrxHsTTHndYQ+qDZYsmn3Djb2vbY+2X3rYL3GhdBr\nVfDaKWW5id7T98ZV5UYNn+16xxJkEYp7XgV4ZzgjglMc1MA07hI/PNHjN/dTTzd9\n0AEK4GL2tuOvEhslSQfH/HREM8U6EbSCKr5P/PxXppt3zXeKe60jYbk9iu+zZrJb\nn5VaEouHBSkhD2Ank6lA+KbctQnTF90TL98JHtUAAAEBAN24uDB/+l0eErjS0Pah\n5z//gQeXXc6/pB0xCtigiCAVPm702eMcjH2xvg/6adBK6ElnQq1ARb3ryXRHkZQb\nGL0H7138iwmxux+WlYiVsLhXTGmTkGitrikj6eunJeeoBE1aroDf33g01lfScM2u\nnSGkU2tY7JtNmEYNx6iCftdBi29o3SBWwG4px8Lt5L6RnCQwm7ScKSSSHCCgjQ0t\nxg1m6V9J1mwZhJR3uAvEANHujmGQsqRIRoJPguZOHaTG5TlWeLmD+8+BeXwXgSo5\njn0qprfFoG8OLK65D95O5WW4xDJaExkZYpiF6yRfjyFeH2OMPrwqlwXDJKs0tXIC\n7bUAAAEBAMrso6dqpcbhhxwwAUvKl+782vg5tcO4GIB5YpBoN/fmychpFIPKqx1o\nO7xk277Vdy/I/am7fIqDIow4fXfGz1Ryeh7ueXibT4WS5wVEE+fZb0Ctut+rwpDZ\nkLwKU0o+BsVJ2T3MqKRwpTU4XoC0uoMatzCjufqTunKX1ZmrFB6LgQQoNhWXcePz\nYpi/8DZTmsvDzGmfu1DdElLScNRi3mMhDTuNWGH8lz/OLW7Aoh8VciS8ieLAfx2m\npdO0YXkhwj56jvSMVMB0Qz3mfEkG2qSI5Ik9A9zzrU9WaEyJ+BXMjITDge65+/PH\ngwaXh51XO4P3wmTI1/xNd07MnIyM0CUAAAAAAQID\n-----END OPENSSH PRIVATE KEY-----\n",
            "private_key_pem": "-----BEGIN RSA PRIVATE KEY-----\nMIIJJwIBAAKCAgEAr8C1Xa7Wofp3MFy3MfDPYnCACuo/GO3Ky1b5uIyJJ89/e5h5\n/W2ThITBWjvurieormwKTJ28tq5fzi5bmOjqb7b0MnfRPfSNVWCGY/ZRTq/DE2iy\ndEiab+50Hu6moxZPD+eTrhXFqGlZrRQkl2LgzY9nJTfNLLS+R4yPFLS6UtuOijRr\nMH4n6JFzEyatqSGPvJ+l8kd59ZscQCq6CAwkgyhZp0NKPrRgcfb7YhgLcVjjsVnj\nA5HsnZdlVLrSNDEo0vQ2XP7H2+EfYqGm194z5+2cl8ebs7RejCsmtGvWJ+cKOA7B\nq0769/qZnDAlEircJ5e+iikWsNma0kssbMe0v8xRG+wbJKY2jLZ3qRx+Lgs1EK+H\nbksjTTTR96Pv43QaMczqEPzfUgFh5KLxVXe6iLvARDGp5/vEKI8zyS+LZRNn9R4w\nBNZtPco06GhaWyrXMCVK0TPiNC/Xdggf8moGgyzlzDs8aH6jklhY3kW0Vr4ZF/HE\nUnPvf3rNOrYykYcc0bLB0VMfhgvWTr3fMLhdTtN/0pZLvtg8glJGzzxFShP7UpNU\nRnQ1o6/EFA/GDYncwNVdhdtd4GxLTP4hjjMXeA4iW3xxKL6DqV32T02kVAB93yOj\n9WFPZN+eHeoP/dmzv9g22uj1xjoglgOues/c7p9RIQUgx4uz1IEUwNaLaykCAwEA\nAQKCAgADp7td5mv6VG40KEl7FWoKvxI6p+KGDzP/hKCO8QVNOaiKFoK6/ZNq1yP6\nT3LIVnTQo9iW/VTWa8v8SsSG6pktl51+izVj13k1BFvnKlFIlKk29x93AaeMmmX5\n2rbGf4lHaGaO4U8KEJ7X1appJ5pLTCc2A/IVcvDeJhM3uAaEAKL3Rt3P1V/ZG2VM\nSaqk8Ni/cIaQAmKL9BzjTMAvuKjtvWIX83NQ2ImE9UEHKj7araGWp6rsARXttR9b\nYsNKaJdTw9Z5mqbncMgpUflZVfq4YR23nmQjmaW5vpAAgpminNB+l/f5KxxXGfQl\n5m5u8UtA24wP7YjWRsBMjVmwLXsZ1T4WMZVMvDSOWpgGe+SQQW5Ae8MMIfkXeb1N\nx6nU9259KOoQMhRF4EiwnqPNBuZl40eBfQPQLumf58vfHCzDN84L8F+yAQ3mYmfZ\nZ2LzPpD1rTVmfp6KiiHtc3T4um0acllXJkwLu54ANVw7PXOGyq0vx8/uSCD9V1Bh\nmu8bqEQDcyv9WDgVaLBsDErAgNE3lfjpTvPtc86XZvP6z6sgIsUcbY+UdVUEi1EV\ngO8qW2FupnZNQB7A/uzqYyxOMP+XQPkSCCHFfTpgaIyajzMyyE1m7zixqgLB160S\nz2ZDGxJWJ1cSN/tyMpBIrN4ri5vKG7F9b05uH/awD0cdMArA8QKCAQEA3bi4MH/6\nXR4SuNLQ9qHnP/+BB5ddzr+kHTEK2KCIIBU+bvTZ4xyMfbG+D/pp0EroSWdCrUBF\nvevJdEeRlBsYvQfvXfyLCbG7H5aViJWwuFdMaZOQaK2uKSPp66cl56gETVqugN/f\neDTWV9Jwza6dIaRTa1jsm02YRg3HqIJ+10GLb2jdIFbAbinHwu3kvpGcJDCbtJwp\nJJIcIKCNDS3GDWbpX0nWbBmElHe4C8QA0e6OYZCypEhGgk+C5k4dpMblOVZ4uYP7\nz4F5fBeBKjmOfSqmt8Wgbw4srrkP3k7lZbjEMloTGRlimIXrJF+PIV4fY4w+vCqX\nBcMkqzS1cgLttQKCAQEAyuyjp2qlxuGHHDABS8qX7vza+Dm1w7gYgHlikGg39+bJ\nyGkUg8qrHWg7vGTbvtV3L8j9qbt8ioMijDh9d8bPVHJ6Hu55eJtPhZLnBUQT59lv\nQK2636vCkNmQvApTSj4GxUnZPcyopHClNThegLS6gxq3MKO5+pO6cpfVmasUHouB\nBCg2FZdx4/NimL/wNlOay8PMaZ+7UN0SUtJw1GLeYyENO41YYfyXP84tbsCiHxVy\nJLyJ4sB/Haal07RheSHCPnqO9IxUwHRDPeZ8SQbapIjkiT0D3POtT1ZoTIn4FcyM\nhMOB7rn788eDBpeHnVc7g/fCZMjX/E13TsycjIzQJQKCAQBMNzMZeOSXHb9RySYL\noZvcY/f2pBGbAEVpw3H3BTfFz4emnIRJjYa9rlunIm09LIKsuNIyu+U9Y8/cKL3i\nK25VjGS76hPhQTcRpLHCQbJ9q4SYxiDd2tYDTlUarFpbR2YzMPjLVCl9KKyFg9FC\n4sMgzVvfirHKsOGnMxVu12zCkcVchq98blW3iKUiXKRE3cjOp+beLs/1wkPo80eJ\nQDLUaIvQNZF/l0X7wyuA399oSpim8RZ3YmDaanqUsEWAXt5s10yoeLYWnmskPPAp\nk59nZ0Hn6gc8JaM2bGcIBBbW4KyQomXuOsupol8yIacR0Uj47zyhcgJ3+JyiPXwh\ntOABAoIBAB65k9HuiOlDDpULA7c5FqYd7P22pznaLwOM3Yql7QuBCz5oAq4typjq\nRlkxIECVy7UVhqrjc2j5kAqRJxYyqQPNTYZPb17+jRzZcFdQxn7NYlX1uBzTweLy\nvkJqgc/08kt+8gC0czhqwej7/vsX4kGlkuUvdSJmqc1eBf59c89oKgG6IO5F/v2X\nxW8BaNqg8Ag4PkQj5lXJE1Qs/t55ldiGkZ1Zum8jsrb7fc+OJT31nlHHpk0J/nU7\n3VHftv6DSQjyv6Bxewek0uWVd24LNqHBBHFvJp2W27/ugl5MaZ7LWN9lRtAhou93\nXvRpjyQYqC9EHU/rRSCzjgQFYRK6420CggEAPIvA1lqAvoZtloEj3C6CQPhl/YvU\nyQcUpFUan1Cy+WllIyHwBZFocKL7yLBgQF2XOH4YpvDHGqz/pB5DRU53Ux7RykO5\nm/UEpt86dobaEYjmMn9a+6YevVTT9mHmWpdW3ea/5pWvEexNMed1hD6oNliyafcO\nNva9tj7ZfetgvcaF0GtV8NopZbmJ3tP3xlXlRg2f7XrHEmQRinteBXhnOCOCUxzU\nwDTuEj880eM391NPN33QAQrgYva2468SGyVJB8f8dEQzxToRtIIqvk/8/Femm3fN\nd4p7rSNhuT2K77NmsluflVoSi4cFKSEPYCeTqUD4pty1CdMX3RMv3wke1Q==\n-----END RSA PRIVATE KEY-----\n",
            "private_key_pem_pkcs8": "-----BEGIN PRIVATE KEY-----\nMIIJQQIBADANBgkqhkiG9w0BAQEFAASCCSswggknAgEAAoICAQCvwLVdrtah+ncw\nXLcx8M9icIAK6j8Y7crLVvm4jIknz397mHn9bZOEhMFaO+6uJ6iubApMnby2rl/O\nLluY6OpvtvQyd9E99I1VYIZj9lFOr8MTaLJ0SJpv7nQe7qajFk8P55OuFcWoaVmt\nFCSXYuDNj2clN80stL5HjI8UtLpS246KNGswfifokXMTJq2pIY+8n6XyR3n1mxxA\nKroIDCSDKFmnQ0o+tGBx9vtiGAtxWOOxWeMDkeydl2VUutI0MSjS9DZc/sfb4R9i\noabX3jPn7ZyXx5uztF6MKya0a9Yn5wo4DsGrTvr3+pmcMCUSKtwnl76KKRaw2ZrS\nSyxsx7S/zFEb7BskpjaMtnepHH4uCzUQr4duSyNNNNH3o+/jdBoxzOoQ/N9SAWHk\novFVd7qIu8BEMann+8QojzPJL4tlE2f1HjAE1m09yjToaFpbKtcwJUrRM+I0L9d2\nCB/yagaDLOXMOzxofqOSWFjeRbRWvhkX8cRSc+9/es06tjKRhxzRssHRUx+GC9ZO\nvd8wuF1O03/Slku+2DyCUkbPPEVKE/tSk1RGdDWjr8QUD8YNidzA1V2F213gbEtM\n/iGOMxd4DiJbfHEovoOpXfZPTaRUAH3fI6P1YU9k354d6g/92bO/2Dba6PXGOiCW\nA656z9zun1EhBSDHi7PUgRTA1otrKQIDAQABAoICAAOnu13ma/pUbjQoSXsVagq/\nEjqn4oYPM/+EoI7xBU05qIoWgrr9k2rXI/pPcshWdNCj2Jb9VNZry/xKxIbqmS2X\nnX6LNWPXeTUEW+cqUUiUqTb3H3cBp4yaZfnatsZ/iUdoZo7hTwoQntfVqmknmktM\nJzYD8hVy8N4mEze4BoQAovdG3c/VX9kbZUxJqqTw2L9whpACYov0HONMwC+4qO29\nYhfzc1DYiYT1QQcqPtqtoZanquwBFe21H1tiw0pol1PD1nmapudwyClR+VlV+rhh\nHbeeZCOZpbm+kACCmaKc0H6X9/krHFcZ9CXmbm7xS0DbjA/tiNZGwEyNWbAtexnV\nPhYxlUy8NI5amAZ75JBBbkB7wwwh+Rd5vU3HqdT3bn0o6hAyFEXgSLCeo80G5mXj\nR4F9A9Au6Z/ny98cLMM3zgvwX7IBDeZiZ9lnYvM+kPWtNWZ+noqKIe1zdPi6bRpy\nWVcmTAu7ngA1XDs9c4bKrS/Hz+5IIP1XUGGa7xuoRANzK/1YOBVosGwMSsCA0TeV\n+OlO8+1zzpdm8/rPqyAixRxtj5R1VQSLURWA7ypbYW6mdk1AHsD+7OpjLE4w/5dA\n+RIIIcV9OmBojJqPMzLITWbvOLGqAsHXrRLPZkMbElYnVxI3+3IykEis3iuLm8ob\nsX1vTm4f9rAPRx0wCsDxAoIBAQDduLgwf/pdHhK40tD2oec//4EHl13Ov6QdMQrY\noIggFT5u9NnjHIx9sb4P+mnQSuhJZ0KtQEW968l0R5GUGxi9B+9d/IsJsbsflpWI\nlbC4V0xpk5Bora4pI+nrpyXnqARNWq6A3994NNZX0nDNrp0hpFNrWOybTZhGDceo\ngn7XQYtvaN0gVsBuKcfC7eS+kZwkMJu0nCkkkhwgoI0NLcYNZulfSdZsGYSUd7gL\nxADR7o5hkLKkSEaCT4LmTh2kxuU5Vni5g/vPgXl8F4EqOY59Kqa3xaBvDiyuuQ/e\nTuVluMQyWhMZGWKYheskX48hXh9jjD68KpcFwySrNLVyAu21AoIBAQDK7KOnaqXG\n4YccMAFLypfu/Nr4ObXDuBiAeWKQaDf35snIaRSDyqsdaDu8ZNu+1XcvyP2pu3yK\ngyKMOH13xs9Ucnoe7nl4m0+FkucFRBPn2W9Arbrfq8KQ2ZC8ClNKPgbFSdk9zKik\ncKU1OF6AtLqDGrcwo7n6k7pyl9WZqxQei4EEKDYVl3Hj82KYv/A2U5rLw8xpn7tQ\n3RJS0nDUYt5jIQ07jVhh/Jc/zi1uwKIfFXIkvIniwH8dpqXTtGF5IcI+eo70jFTA\ndEM95nxJBtqkiOSJPQPc861PVmhMifgVzIyEw4Huufvzx4MGl4edVzuD98JkyNf8\nTXdOzJyMjNAlAoIBAEw3Mxl45Jcdv1HJJguhm9xj9/akEZsARWnDcfcFN8XPh6ac\nhEmNhr2uW6cibT0sgqy40jK75T1jz9woveIrblWMZLvqE+FBNxGkscJBsn2rhJjG\nIN3a1gNOVRqsWltHZjMw+MtUKX0orIWD0ULiwyDNW9+Kscqw4aczFW7XbMKRxVyG\nr3xuVbeIpSJcpETdyM6n5t4uz/XCQ+jzR4lAMtRoi9A1kX+XRfvDK4Df32hKmKbx\nFndiYNpqepSwRYBe3mzXTKh4thaeayQ88CmTn2dnQefqBzwlozZsZwgEFtbgrJCi\nZe46y6miXzIhpxHRSPjvPKFyAnf4nKI9fCG04AECggEAHrmT0e6I6UMOlQsDtzkW\nph3s/banOdovA4zdiqXtC4ELPmgCri3KmOpGWTEgQJXLtRWGquNzaPmQCpEnFjKp\nA81Nhk9vXv6NHNlwV1DGfs1iVfW4HNPB4vK+QmqBz/TyS37yALRzOGrB6Pv++xfi\nQaWS5S91ImapzV4F/n1zz2gqAbog7kX+/ZfFbwFo2qDwCDg+RCPmVckTVCz+3nmV\n2IaRnVm6byOytvt9z44lPfWeUcemTQn+dTvdUd+2/oNJCPK/oHF7B6TS5ZV3bgs2\nocEEcW8mnZbbv+6CXkxpnstY32VG0CGi73de9GmPJBioL0QdT+tFILOOBAVhErrj\nbQKCAQA8i8DWWoC+hm2WgSPcLoJA+GX9i9TJBxSkVRqfULL5aWUjIfAFkWhwovvI\nsGBAXZc4fhim8McarP+kHkNFTndTHtHKQ7mb9QSm3zp2htoRiOYyf1r7ph69VNP2\nYeZal1bd5r/mla8R7E0x53WEPqg2WLJp9w429r22Ptl962C9xoXQa1Xw2illuYne\n0/fGVeVGDZ/tescSZBGKe14FeGc4I4JTHNTANO4SPzzR4zf3U083fdABCuBi9rbj\nrxIbJUkHx/x0RDPFOhG0giq+T/z8V6abd813inutI2G5PYrvs2ayW5+VWhKLhwUp\nIQ9gJ5OpQPim3LUJ0xfdEy/fCR7V\n-----END PRIVATE KEY-----\n",
            "public_key_fingerprint_md5": "13:aa:1d:71:82:1b:28:b9:6c:37:51:93:0a:f5:a7:15",
            "public_key_fingerprint_sha256": "SHA256:+Ic/CLyPq6VQXIw6PXMAVA55vxBi1RkzcyhXKPFw5RQ",
            "public_key_openssh": "ssh-rsa AAAAB3NzaC1yc2EAAAADAQABAAACAQCvwLVdrtah+ncwXLcx8M9icIAK6j8Y7crLVvm4jIknz397mHn9bZOEhMFaO+6uJ6iubApMnby2rl/OLluY6OpvtvQyd9E99I1VYIZj9lFOr8MTaLJ0SJpv7nQe7qajFk8P55OuFcWoaVmtFCSXYuDNj2clN80stL5HjI8UtLpS246KNGswfifokXMTJq2pIY+8n6XyR3n1mxxAKroIDCSDKFmnQ0o+tGBx9vtiGAtxWOOxWeMDkeydl2VUutI0MSjS9DZc/sfb4R9ioabX3jPn7ZyXx5uztF6MKya0a9Yn5wo4DsGrTvr3+pmcMCUSKtwnl76KKRaw2ZrSSyxsx7S/zFEb7BskpjaMtnepHH4uCzUQr4duSyNNNNH3o+/jdBoxzOoQ/N9SAWHkovFVd7qIu8BEMann+8QojzPJL4tlE2f1HjAE1m09yjToaFpbKtcwJUrRM+I0L9d2CB/yagaDLOXMOzxofqOSWFjeRbRWvhkX8cRSc+9/es06tjKRhxzRssHRUx+GC9ZOvd8wuF1O03/Slku+2DyCUkbPPEVKE/tSk1RGdDWjr8QUD8YNidzA1V2F213gbEtM/iGOMxd4DiJbfHEovoOpXfZPTaRUAH3fI6P1YU9k354d6g/92bO/2Dba6PXGOiCWA656z9zun1EhBSDHi7PUgRTA1otrKQ==\n",
            "public_key_pem": "-----BEGIN PUBLIC KEY-----\nMIICIjANBgkqhkiG9w0BAQEFAAOCAg8AMIICCgKCAgEAr8C1Xa7Wofp3MFy3MfDP\nYnCACuo/GO3Ky1b5uIyJJ89/e5h5/W2ThITBWjvurieormwKTJ28tq5fzi5bmOjq\nb7b0MnfRPfSNVWCGY/ZRTq/DE2iydEiab+50Hu6moxZPD+eTrhXFqGlZrRQkl2Lg\nzY9nJTfNLLS+R4yPFLS6UtuOijRrMH4n6JFzEyatqSGPvJ+l8kd59ZscQCq6CAwk\ngyhZp0NKPrRgcfb7YhgLcVjjsVnjA5HsnZdlVLrSNDEo0vQ2XP7H2+EfYqGm194z\n5+2cl8ebs7RejCsmtGvWJ+cKOA7Bq0769/qZnDAlEircJ5e+iikWsNma0kssbMe0\nv8xRG+wbJKY2jLZ3qRx+Lgs1EK+HbksjTTTR96Pv43QaMczqEPzfUgFh5KLxVXe6\niLvARDGp5/vEKI8zyS+LZRNn9R4wBNZtPco06GhaWyrXMCVK0TPiNC/Xdggf8moG\ngyzlzDs8aH6jklhY3kW0Vr4ZF/HEUnPvf3rNOrYykYcc0bLB0VMfhgvWTr3fMLhd\nTtN/0pZLvtg8glJGzzxFShP7UpNURnQ1o6/EFA/GDYncwNVdhdtd4GxLTP4hjjMX\neA4iW3xxKL6DqV32T02kVAB93yOj9WFPZN+eHeoP/dmzv9g22uj1xjoglgOues/c\n7p9RIQUgx4uz1IEUwNaLaykCAwEAAQ==\n-----END PUBLIC KEY-----\n",
            "rsa_bits": 4096
          },
          "sensitive_attributes": []
        }
      ]
    }
  ],
  "check_results": null
}
